
Microsoft Visual Studio Solution File, Format Version 12.00
# Visual Studio Version 17
VisualStudioVersion = 17.14.36414.22
MinimumVisualStudioVersion = 10.0.40219.1
Project("{2150E333-8FDC-42A3-9474-1A3956D46DE8}") = "Task0", "Task0", "{02EA681E-C7D8-13C7-8484-4AC65E1B71E8}"
EndProject
Project("{FAE04EC0-301F-11D3-BF4B-00C04F79EFBC}") = "Tyuiu.MolchanovIV.Sprint2.Task0.V27", "Tyuiu.MolchanovIV.Sprint2.Task0.V27\Tyuiu.MolchanovIV.Sprint2.Task0.V27.csproj", "{B8F796DA-CE2B-445F-B118-779E3C8E0D1D}"
EndProject
Project("{FAE04EC0-301F-11D3-BF4B-00C04F79EFBC}") = "Tyuiu.MolchanovIV.Sprint2.Task0.V27.Lib", "Tyuiu.MolchanovIV.Sprint2.Task0.V27.Lib\Tyuiu.MolchanovIV.Sprint2.Task0.V27.Lib.csproj", "{52C93722-4A53-40DA-A405-1B2EC3B81B18}"
EndProject
Project("{FAE04EC0-301F-11D3-BF4B-00C04F79EFBC}") = "Tyuiu.MolchanovIV.Sprint2.Task0.V27.Test", "Tyuiu.MolchanovIV.Sprint2.Task0.V27.Test\Tyuiu.MolchanovIV.Sprint2.Task0.V27.Test.csproj", "{8A338D77-AF1F-44D2-85C4-78FEB66DA8CC}"
EndProject
Project("{2150E333-8FDC-42A3-9474-1A3956D46DE8}") = "Task1", "Task1", "{1BBD9D0E-5048-41C9-9C29-0DEC5F97A134}"
EndProject
Project("{FAE04EC0-301F-11D3-BF4B-00C04F79EFBC}") = "Tyuiu.MolchanovIV.Sprint2.Task1.V26", "Tyuiu.MolchanovIV.Sprint2.Task1.V26\Tyuiu.MolchanovIV.Sprint2.Task1.V26.csproj", "{1A4296EF-C494-42B2-932B-24EB746C9C96}"
EndProject
Project("{FAE04EC0-301F-11D3-BF4B-00C04F79EFBC}") = "Tyuiu.MolchanovIV.Sprint2.Task1.V26.Lib", "Tyuiu.MolchanovIV.Sprint2.Task1.V26.Lib\Tyuiu.MolchanovIV.Sprint2.Task1.V26.Lib.csproj", "{3FB1F4FE-D33D-4050-A5D0-1F1B94AF77B0}"
EndProject
Project("{FAE04EC0-301F-11D3-BF4B-00C04F79EFBC}") = "Tyuiu.MolchanovIV.Sprint2.Task1.V26.Test", "Tyuiu.MolchanovIV.Sprint2.Task1.V26.Test\Tyuiu.MolchanovIV.Sprint2.Task1.V26.Test.csproj", "{1188BDD5-731D-4EF9-A63C-180A22ADD5B3}"
EndProject
Project("{2150E333-8FDC-42A3-9474-1A3956D46DE8}") = "Task2", "Task2", "{39031104-C979-4934-8EF2-C1A762AE998A}"
EndProject
Project("{FAE04EC0-301F-11D3-BF4B-00C04F79EFBC}") = "Tyuiu.MolchanovIV.Sprint2.Task2.V30", "Tyuiu.MolchanovIV.Sprint2.Task2.V30\Tyuiu.MolchanovIV.Sprint2.Task2.V30.csproj", "{0E5F9ED4-385A-4E14-91EC-170C05F82A82}"
EndProject
Project("{FAE04EC0-301F-11D3-BF4B-00C04F79EFBC}") = "Tyuiu.MolchanovIV.Sprint2.Task2.V30.Lib", "Tyuiu.MolchanovIV.Sprint2.Task2.V30.Lib\Tyuiu.MolchanovIV.Sprint2.Task2.V30.Lib.csproj", "{88E2733B-DA37-4975-A27B-788A186276F2}"
EndProject
Project("{FAE04EC0-301F-11D3-BF4B-00C04F79EFBC}") = "Tyuiu.MolchanovIV.Sprint2.Task2.V30.Test", "Tyuiu.MolchanovIV.Sprint2.Task2.V30.Test\Tyuiu.MolchanovIV.Sprint2.Task2.V30.Test.csproj", "{2BAEF4E2-49E3-4B09-BDB0-F44541B175B2}"
EndProject
Global
	GlobalSection(SolutionConfigurationPlatforms) = preSolution
		Debug|Any CPU = Debug|Any CPU
		Release|Any CPU = Release|Any CPU
	EndGlobalSection
	GlobalSection(ProjectConfigurationPlatforms) = postSolution
		{B8F796DA-CE2B-445F-B118-779E3C8E0D1D}.Debug|Any CPU.ActiveCfg = Debug|Any CPU
		{B8F796DA-CE2B-445F-B118-779E3C8E0D1D}.Debug|Any CPU.Build.0 = Debug|Any CPU
		{B8F796DA-CE2B-445F-B118-779E3C8E0D1D}.Release|Any CPU.ActiveCfg = Release|Any CPU
		{B8F796DA-CE2B-445F-B118-779E3C8E0D1D}.Release|Any CPU.Build.0 = Release|Any CPU
		{52C93722-4A53-40DA-A405-1B2EC3B81B18}.Debug|Any CPU.ActiveCfg = Debug|Any CPU
		{52C93722-4A53-40DA-A405-1B2EC3B81B18}.Debug|Any CPU.Build.0 = Debug|Any CPU
		{52C93722-4A53-40DA-A405-1B2EC3B81B18}.Release|Any CPU.ActiveCfg = Release|Any CPU
		{52C93722-4A53-40DA-A405-1B2EC3B81B18}.Release|Any CPU.Build.0 = Release|Any CPU
		{8A338D77-AF1F-44D2-85C4-78FEB66DA8CC}.Debug|Any CPU.ActiveCfg = Debug|Any CPU
		{8A338D77-AF1F-44D2-85C4-78FEB66DA8CC}.Debug|Any CPU.Build.0 = Debug|Any CPU
		{8A338D77-AF1F-44D2-85C4-78FEB66DA8CC}.Release|Any CPU.ActiveCfg = Release|Any CPU
		{8A338D77-AF1F-44D2-85C4-78FEB66DA8CC}.Release|Any CPU.Build.0 = Release|Any CPU
		{1A4296EF-C494-42B2-932B-24EB746C9C96}.Debug|Any CPU.ActiveCfg = Debug|Any CPU
		{1A4296EF-C494-42B2-932B-24EB746C9C96}.Debug|Any CPU.Build.0 = Debug|Any CPU
		{1A4296EF-C494-42B2-932B-24EB746C9C96}.Release|Any CPU.ActiveCfg = Release|Any CPU
		{1A4296EF-C494-42B2-932B-24EB746C9C96}.Release|Any CPU.Build.0 = Release|Any CPU
		{3FB1F4FE-D33D-4050-A5D0-1F1B94AF77B0}.Debug|Any CPU.ActiveCfg = Debug|Any CPU
		{3FB1F4FE-D33D-4050-A5D0-1F1B94AF77B0}.Debug|Any CPU.Build.0 = Debug|Any CPU
		{3FB1F4FE-D33D-4050-A5D0-1F1B94AF77B0}.Release|Any CPU.ActiveCfg = Release|Any CPU
		{3FB1F4FE-D33D-4050-A5D0-1F1B94AF77B0}.Release|Any CPU.Build.0 = Release|Any CPU
		{1188BDD5-731D-4EF9-A63C-180A22ADD5B3}.Debug|Any CPU.ActiveCfg = Debug|Any CPU
		{1188BDD5-731D-4EF9-A63C-180A22ADD5B3}.Debug|Any CPU.Build.0 = Debug|Any CPU
		{1188BDD5-731D-4EF9-A63C-180A22ADD5B3}.Release|Any CPU.ActiveCfg = Release|Any CPU
		{1188BDD5-731D-4EF9-A63C-180A22ADD5B3}.Release|Any CPU.Build.0 = Release|Any CPU
		{0E5F9ED4-385A-4E14-91EC-170C05F82A82}.Debug|Any CPU.ActiveCfg = Debug|Any CPU
		{0E5F9ED4-385A-4E14-91EC-170C05F82A82}.Debug|Any CPU.Build.0 = Debug|Any CPU
		{0E5F9ED4-385A-4E14-91EC-170C05F82A82}.Release|Any CPU.ActiveCfg = Release|Any CPU
		{0E5F9ED4-385A-4E14-91EC-170C05F82A82}.Release|Any CPU.Build.0 = Release|Any CPU
		{88E2733B-DA37-4975-A27B-788A186276F2}.Debug|Any CPU.ActiveCfg = Debug|Any CPU
		{88E2733B-DA37-4975-A27B-788A186276F2}.Debug|Any CPU.Build.0 = Debug|Any CPU
		{88E2733B-DA37-4975-A27B-788A186276F2}.Release|Any CPU.ActiveCfg = Release|Any CPU
		{88E2733B-DA37-4975-A27B-788A186276F2}.Release|Any CPU.Build.0 = Release|Any CPU
		{2BAEF4E2-49E3-4B09-BDB0-F44541B175B2}.Debug|Any CPU.ActiveCfg = Debug|Any CPU
		{2BAEF4E2-49E3-4B09-BDB0-F44541B175B2}.Debug|Any CPU.Build.0 = Debug|Any CPU
		{2BAEF4E2-49E3-4B09-BDB0-F44541B175B2}.Release|Any CPU.ActiveCfg = Release|Any CPU
		{2BAEF4E2-49E3-4B09-BDB0-F44541B175B2}.Release|Any CPU.Build.0 = Release|Any CPU
	EndGlobalSection
	GlobalSection(SolutionProperties) = preSolution
		HideSolutionNode = FALSE
	EndGlobalSection
	GlobalSection(NestedProjects) = preSolution
		{B8F796DA-CE2B-445F-B118-779E3C8E0D1D} = {02EA681E-C7D8-13C7-8484-4AC65E1B71E8}
		{52C93722-4A53-40DA-A405-1B2EC3B81B18} = {02EA681E-C7D8-13C7-8484-4AC65E1B71E8}
		{8A338D77-AF1F-44D2-85C4-78FEB66DA8CC} = {02EA681E-C7D8-13C7-8484-4AC65E1B71E8}
		{1A4296EF-C494-42B2-932B-24EB746C9C96} = {1BBD9D0E-5048-41C9-9C29-0DEC5F97A134}
		{3FB1F4FE-D33D-4050-A5D0-1F1B94AF77B0} = {1BBD9D0E-5048-41C9-9C29-0DEC5F97A134}
		{1188BDD5-731D-4EF9-A63C-180A22ADD5B3} = {1BBD9D0E-5048-41C9-9C29-0DEC5F97A134}
		{0E5F9ED4-385A-4E14-91EC-170C05F82A82} = {39031104-C979-4934-8EF2-C1A762AE998A}
		{88E2733B-DA37-4975-A27B-788A186276F2} = {39031104-C979-4934-8EF2-C1A762AE998A}
		{2BAEF4E2-49E3-4B09-BDB0-F44541B175B2} = {39031104-C979-4934-8EF2-C1A762AE998A}
	EndGlobalSection
	GlobalSection(ExtensibilityGlobals) = postSolution
		SolutionGuid = {E9A19EAF-1B44-46E2-AC97-E6F804B5812D}
	EndGlobalSection
EndGlobal
