
Microsoft Visual Studio Solution File, Format Version 12.00
# Visual Studio Version 17
VisualStudioVersion = 17.14.36414.22
MinimumVisualStudioVersion = 10.0.40219.1
Project("{2150E333-8FDC-42A3-9474-1A3956D46DE8}") = "Task0", "Task0", "{02EA681E-C7D8-13C7-8484-4AC65E1B71E8}"
EndProject
Project("{FAE04EC0-301F-11D3-BF4B-00C04F79EFBC}") = "Tyuiu.MolchanovIV.Sprint2.Task0.V27", "Tyuiu.MolchanovIV.Sprint2.Task0.V27\Tyuiu.MolchanovIV.Sprint2.Task0.V27.csproj", "{B8F796DA-CE2B-445F-B118-779E3C8E0D1D}"
EndProject
Project("{FAE04EC0-301F-11D3-BF4B-00C04F79EFBC}") = "Tyuiu.MolchanovIV.Sprint2.Task0.V27.Lib", "Tyuiu.MolchanovIV.Sprint2.Task0.V27.Lib\Tyuiu.MolchanovIV.Sprint2.Task0.V27.Lib.csproj", "{52C93722-4A53-40DA-A405-1B2EC3B81B18}"
EndProject
Project("{FAE04EC0-301F-11D3-BF4B-00C04F79EFBC}") = "Tyuiu.MolchanovIV.Sprint2.Task0.V27.Test", "Tyuiu.MolchanovIV.Sprint2.Task0.V27.Test\Tyuiu.MolchanovIV.Sprint2.Task0.V27.Test.csproj", "{8A338D77-AF1F-44D2-85C4-78FEB66DA8CC}"
EndProject
Project("{2150E333-8FDC-42A3-9474-1A3956D46DE8}") = "Task1", "Task1", "{1BBD9D0E-5048-41C9-9C29-0DEC5F97A134}"
EndProject
Project("{FAE04EC0-301F-11D3-BF4B-00C04F79EFBC}") = "Tyuiu.MolchanovIV.Sprint2.Task1.V26", "Tyuiu.MolchanovIV.Sprint2.Task1.V26\Tyuiu.MolchanovIV.Sprint2.Task1.V26.csproj", "{1A4296EF-C494-42B2-932B-24EB746C9C96}"
EndProject
Project("{FAE04EC0-301F-11D3-BF4B-00C04F79EFBC}") = "Tyuiu.MolchanovIV.Sprint2.Task1.V26.Lib", "Tyuiu.MolchanovIV.Sprint2.Task1.V26.Lib\Tyuiu.MolchanovIV.Sprint2.Task1.V26.Lib.csproj", "{3FB1F4FE-D33D-4050-A5D0-1F1B94AF77B0}"
EndProject
Project("{FAE04EC0-301F-11D3-BF4B-00C04F79EFBC}") = "Tyuiu.MolchanovIV.Sprint2.Task1.V26.Test", "Tyuiu.MolchanovIV.Sprint2.Task1.V26.Test\Tyuiu.MolchanovIV.Sprint2.Task1.V26.Test.csproj", "{1188BDD5-731D-4EF9-A63C-180A22ADD5B3}"
EndProject
Project("{2150E333-8FDC-42A3-9474-1A3956D46DE8}") = "Task2", "Task2", "{39031104-C979-4934-8EF2-C1A762AE998A}"
EndProject
Project("{FAE04EC0-301F-11D3-BF4B-00C04F79EFBC}") = "Tyuiu.MolchanovIV.Sprint2.Task2.V30", "Tyuiu.MolchanovIV.Sprint2.Task2.V30\Tyuiu.MolchanovIV.Sprint2.Task2.V30.csproj", "{0E5F9ED4-385A-4E14-91EC-170C05F82A82}"
EndProject
Project("{FAE04EC0-301F-11D3-BF4B-00C04F79EFBC}") = "Tyuiu.MolchanovIV.Sprint2.Task2.V30.Lib", "Tyuiu.MolchanovIV.Sprint2.Task2.V30.Lib\Tyuiu.MolchanovIV.Sprint2.Task2.V30.Lib.csproj", "{88E2733B-DA37-4975-A27B-788A186276F2}"
EndProject
Project("{FAE04EC0-301F-11D3-BF4B-00C04F79EFBC}") = "Tyuiu.MolchanovIV.Sprint2.Task2.V30.Test", "Tyuiu.MolchanovIV.Sprint2.Task2.V30.Test\Tyuiu.MolchanovIV.Sprint2.Task2.V30.Test.csproj", "{2BAEF4E2-49E3-4B09-BDB0-F44541B175B2}"
EndProject
Project("{2150E333-8FDC-42A3-9474-1A3956D46DE8}") = "Task3", "Task3", "{6B9C9C08-91D0-441C-A0FF-A49727A99D1A}"
EndProject
Project("{FAE04EC0-301F-11D3-BF4B-00C04F79EFBC}") = "Tyuiu.MolchanovIV.Sprint2.Task3.V22", "Tyuiu.MolchanovIV.Sprint2.Task3.V22\Tyuiu.MolchanovIV.Sprint2.Task3.V22.csproj", "{4CAAA3D5-F6E4-4EF5-BAF6-20DAE4A2FABB}"
EndProject
Project("{FAE04EC0-301F-11D3-BF4B-00C04F79EFBC}") = "Tyuiu.MolchanovIV.Sprint2.Task3.V22.Lib", "Tyuiu.MolchanovIV.Sprint2.Task3.V22.Lib\Tyuiu.MolchanovIV.Sprint2.Task3.V22.Lib.csproj", "{DF4B7447-8A3D-45C2-992A-B74D95BB41F1}"
EndProject
Project("{FAE04EC0-301F-11D3-BF4B-00C04F79EFBC}") = "Tyuiu.MolchanovIV.Sprint2.Task3.V22.Test", "Tyuiu.MolchanovIV.Sprint2.Task3.V22.Test\Tyuiu.MolchanovIV.Sprint2.Task3.V22.Test.csproj", "{13341EA4-59AC-4F1D-AD71-F10A7EB85923}"
EndProject
Project("{2150E333-8FDC-42A3-9474-1A3956D46DE8}") = "Task4", "Task4", "{85AD8FC2-35D3-413C-9535-31C62421EAD1}"
EndProject
Project("{FAE04EC0-301F-11D3-BF4B-00C04F79EFBC}") = "Tyuiu.MolchanovIV.Sprint2.Task4.V22", "Tyuiu.MolchanovIV.Sprint2.Task4.V22\Tyuiu.MolchanovIV.Sprint2.Task4.V22.csproj", "{58031042-6815-4E81-8403-5CF5993F8674}"
EndProject
Project("{FAE04EC0-301F-11D3-BF4B-00C04F79EFBC}") = "Tyuiu.MolchanovIV.Sprint2.Task4.V22.Lib", "Tyuiu.MolchanovIV.Sprint2.Task4.V22.Lib\Tyuiu.MolchanovIV.Sprint2.Task4.V22.Lib.csproj", "{5141578C-D2E0-4D7E-B4C2-B46D6A7E7379}"
EndProject
Project("{FAE04EC0-301F-11D3-BF4B-00C04F79EFBC}") = "Tyuiu.MolchanovIV.Sprint2.Task4.V22.Test", "Tyuiu.MolchanovIV.Sprint2.Task4.V22.Test\Tyuiu.MolchanovIV.Sprint2.Task4.V22.Test.csproj", "{1246C960-5748-403A-9340-73162FF4AA9A}"
EndProject
Project("{2150E333-8FDC-42A3-9474-1A3956D46DE8}") = "Task5", "Task5", "{DB7E5C28-20BE-4072-B674-24D57CF71DBA}"
EndProject
Project("{FAE04EC0-301F-11D3-BF4B-00C04F79EFBC}") = "Tyuiu.MolchanovIV.Sprint2.Task5.V5", "Tyuiu.MolchanovIV.Sprint2.Task5.V5\Tyuiu.MolchanovIV.Sprint2.Task5.V5.csproj", "{0FD707EF-CD35-438B-AFC4-674B4D5ED088}"
EndProject
Project("{FAE04EC0-301F-11D3-BF4B-00C04F79EFBC}") = "Tyuiu.MolchanovIV.Sprint2.Task5.V5.Lib", "Tyuiu.MolchanovIV.Sprint2.Task5.V5.Lib\Tyuiu.MolchanovIV.Sprint2.Task5.V5.Lib.csproj", "{7EFF80CA-79A5-408F-8C71-31DBD7527A66}"
EndProject
Project("{FAE04EC0-301F-11D3-BF4B-00C04F79EFBC}") = "Tyuiu.MolchanovIV.Sprint2.Task5.V5.Test", "Tyuiu.MolchanovIV.Sprint2.Task5.V5.Test\Tyuiu.MolchanovIV.Sprint2.Task5.V5.Test.csproj", "{A54A8A9F-AF97-4DCD-9996-6DB3200ECB3B}"
EndProject
Global
	GlobalSection(SolutionConfigurationPlatforms) = preSolution
		Debug|Any CPU = Debug|Any CPU
		Release|Any CPU = Release|Any CPU
	EndGlobalSection
	GlobalSection(ProjectConfigurationPlatforms) = postSolution
		{B8F796DA-CE2B-445F-B118-779E3C8E0D1D}.Debug|Any CPU.ActiveCfg = Debug|Any CPU
		{B8F796DA-CE2B-445F-B118-779E3C8E0D1D}.Debug|Any CPU.Build.0 = Debug|Any CPU
		{B8F796DA-CE2B-445F-B118-779E3C8E0D1D}.Release|Any CPU.ActiveCfg = Release|Any CPU
		{B8F796DA-CE2B-445F-B118-779E3C8E0D1D}.Release|Any CPU.Build.0 = Release|Any CPU
		{52C93722-4A53-40DA-A405-1B2EC3B81B18}.Debug|Any CPU.ActiveCfg = Debug|Any CPU
		{52C93722-4A53-40DA-A405-1B2EC3B81B18}.Debug|Any CPU.Build.0 = Debug|Any CPU
		{52C93722-4A53-40DA-A405-1B2EC3B81B18}.Release|Any CPU.ActiveCfg = Release|Any CPU
		{52C93722-4A53-40DA-A405-1B2EC3B81B18}.Release|Any CPU.Build.0 = Release|Any CPU
		{8A338D77-AF1F-44D2-85C4-78FEB66DA8CC}.Debug|Any CPU.ActiveCfg = Debug|Any CPU
		{8A338D77-AF1F-44D2-85C4-78FEB66DA8CC}.Debug|Any CPU.Build.0 = Debug|Any CPU
		{8A338D77-AF1F-44D2-85C4-78FEB66DA8CC}.Release|Any CPU.ActiveCfg = Release|Any CPU
		{8A338D77-AF1F-44D2-85C4-78FEB66DA8CC}.Release|Any CPU.Build.0 = Release|Any CPU
		{1A4296EF-C494-42B2-932B-24EB746C9C96}.Debug|Any CPU.ActiveCfg = Debug|Any CPU
		{1A4296EF-C494-42B2-932B-24EB746C9C96}.Debug|Any CPU.Build.0 = Debug|Any CPU
		{1A4296EF-C494-42B2-932B-24EB746C9C96}.Release|Any CPU.ActiveCfg = Release|Any CPU
		{1A4296EF-C494-42B2-932B-24EB746C9C96}.Release|Any CPU.Build.0 = Release|Any CPU
		{3FB1F4FE-D33D-4050-A5D0-1F1B94AF77B0}.Debug|Any CPU.ActiveCfg = Debug|Any CPU
		{3FB1F4FE-D33D-4050-A5D0-1F1B94AF77B0}.Debug|Any CPU.Build.0 = Debug|Any CPU
		{3FB1F4FE-D33D-4050-A5D0-1F1B94AF77B0}.Release|Any CPU.ActiveCfg = Release|Any CPU
		{3FB1F4FE-D33D-4050-A5D0-1F1B94AF77B0}.Release|Any CPU.Build.0 = Release|Any CPU
		{1188BDD5-731D-4EF9-A63C-180A22ADD5B3}.Debug|Any CPU.ActiveCfg = Debug|Any CPU
		{1188BDD5-731D-4EF9-A63C-180A22ADD5B3}.Debug|Any CPU.Build.0 = Debug|Any CPU
		{1188BDD5-731D-4EF9-A63C-180A22ADD5B3}.Release|Any CPU.ActiveCfg = Release|Any CPU
		{1188BDD5-731D-4EF9-A63C-180A22ADD5B3}.Release|Any CPU.Build.0 = Release|Any CPU
		{0E5F9ED4-385A-4E14-91EC-170C05F82A82}.Debug|Any CPU.ActiveCfg = Debug|Any CPU
		{0E5F9ED4-385A-4E14-91EC-170C05F82A82}.Debug|Any CPU.Build.0 = Debug|Any CPU
		{0E5F9ED4-385A-4E14-91EC-170C05F82A82}.Release|Any CPU.ActiveCfg = Release|Any CPU
		{0E5F9ED4-385A-4E14-91EC-170C05F82A82}.Release|Any CPU.Build.0 = Release|Any CPU
		{88E2733B-DA37-4975-A27B-788A186276F2}.Debug|Any CPU.ActiveCfg = Debug|Any CPU
		{88E2733B-DA37-4975-A27B-788A186276F2}.Debug|Any CPU.Build.0 = Debug|Any CPU
		{88E2733B-DA37-4975-A27B-788A186276F2}.Release|Any CPU.ActiveCfg = Release|Any CPU
		{88E2733B-DA37-4975-A27B-788A186276F2}.Release|Any CPU.Build.0 = Release|Any CPU
		{2BAEF4E2-49E3-4B09-BDB0-F44541B175B2}.Debug|Any CPU.ActiveCfg = Debug|Any CPU
		{2BAEF4E2-49E3-4B09-BDB0-F44541B175B2}.Debug|Any CPU.Build.0 = Debug|Any CPU
		{2BAEF4E2-49E3-4B09-BDB0-F44541B175B2}.Release|Any CPU.ActiveCfg = Release|Any CPU
		{2BAEF4E2-49E3-4B09-BDB0-F44541B175B2}.Release|Any CPU.Build.0 = Release|Any CPU
		{4CAAA3D5-F6E4-4EF5-BAF6-20DAE4A2FABB}.Debug|Any CPU.ActiveCfg = Debug|Any CPU
		{4CAAA3D5-F6E4-4EF5-BAF6-20DAE4A2FABB}.Debug|Any CPU.Build.0 = Debug|Any CPU
		{4CAAA3D5-F6E4-4EF5-BAF6-20DAE4A2FABB}.Release|Any CPU.ActiveCfg = Release|Any CPU
		{4CAAA3D5-F6E4-4EF5-BAF6-20DAE4A2FABB}.Release|Any CPU.Build.0 = Release|Any CPU
		{DF4B7447-8A3D-45C2-992A-B74D95BB41F1}.Debug|Any CPU.ActiveCfg = Debug|Any CPU
		{DF4B7447-8A3D-45C2-992A-B74D95BB41F1}.Debug|Any CPU.Build.0 = Debug|Any CPU
		{DF4B7447-8A3D-45C2-992A-B74D95BB41F1}.Release|Any CPU.ActiveCfg = Release|Any CPU
		{DF4B7447-8A3D-45C2-992A-B74D95BB41F1}.Release|Any CPU.Build.0 = Release|Any CPU
		{13341EA4-59AC-4F1D-AD71-F10A7EB85923}.Debug|Any CPU.ActiveCfg = Debug|Any CPU
		{13341EA4-59AC-4F1D-AD71-F10A7EB85923}.Debug|Any CPU.Build.0 = Debug|Any CPU
		{13341EA4-59AC-4F1D-AD71-F10A7EB85923}.Release|Any CPU.ActiveCfg = Release|Any CPU
		{13341EA4-59AC-4F1D-AD71-F10A7EB85923}.Release|Any CPU.Build.0 = Release|Any CPU
		{58031042-6815-4E81-8403-5CF5993F8674}.Debug|Any CPU.ActiveCfg = Debug|Any CPU
		{58031042-6815-4E81-8403-5CF5993F8674}.Debug|Any CPU.Build.0 = Debug|Any CPU
		{58031042-6815-4E81-8403-5CF5993F8674}.Release|Any CPU.ActiveCfg = Release|Any CPU
		{58031042-6815-4E81-8403-5CF5993F8674}.Release|Any CPU.Build.0 = Release|Any CPU
		{5141578C-D2E0-4D7E-B4C2-B46D6A7E7379}.Debug|Any CPU.ActiveCfg = Debug|Any CPU
		{5141578C-D2E0-4D7E-B4C2-B46D6A7E7379}.Debug|Any CPU.Build.0 = Debug|Any CPU
		{5141578C-D2E0-4D7E-B4C2-B46D6A7E7379}.Release|Any CPU.ActiveCfg = Release|Any CPU
		{5141578C-D2E0-4D7E-B4C2-B46D6A7E7379}.Release|Any CPU.Build.0 = Release|Any CPU
		{1246C960-5748-403A-9340-73162FF4AA9A}.Debug|Any CPU.ActiveCfg = Debug|Any CPU
		{1246C960-5748-403A-9340-73162FF4AA9A}.Debug|Any CPU.Build.0 = Debug|Any CPU
		{1246C960-5748-403A-9340-73162FF4AA9A}.Release|Any CPU.ActiveCfg = Release|Any CPU
		{1246C960-5748-403A-9340-73162FF4AA9A}.Release|Any CPU.Build.0 = Release|Any CPU
		{0FD707EF-CD35-438B-AFC4-674B4D5ED088}.Debug|Any CPU.ActiveCfg = Debug|Any CPU
		{0FD707EF-CD35-438B-AFC4-674B4D5ED088}.Debug|Any CPU.Build.0 = Debug|Any CPU
		{0FD707EF-CD35-438B-AFC4-674B4D5ED088}.Release|Any CPU.ActiveCfg = Release|Any CPU
		{0FD707EF-CD35-438B-AFC4-674B4D5ED088}.Release|Any CPU.Build.0 = Release|Any CPU
		{7EFF80CA-79A5-408F-8C71-31DBD7527A66}.Debug|Any CPU.ActiveCfg = Debug|Any CPU
		{7EFF80CA-79A5-408F-8C71-31DBD7527A66}.Debug|Any CPU.Build.0 = Debug|Any CPU
		{7EFF80CA-79A5-408F-8C71-31DBD7527A66}.Release|Any CPU.ActiveCfg = Release|Any CPU
		{7EFF80CA-79A5-408F-8C71-31DBD7527A66}.Release|Any CPU.Build.0 = Release|Any CPU
		{A54A8A9F-AF97-4DCD-9996-6DB3200ECB3B}.Debug|Any CPU.ActiveCfg = Debug|Any CPU
		{A54A8A9F-AF97-4DCD-9996-6DB3200ECB3B}.Debug|Any CPU.Build.0 = Debug|Any CPU
		{A54A8A9F-AF97-4DCD-9996-6DB3200ECB3B}.Release|Any CPU.ActiveCfg = Release|Any CPU
		{A54A8A9F-AF97-4DCD-9996-6DB3200ECB3B}.Release|Any CPU.Build.0 = Release|Any CPU
	EndGlobalSection
	GlobalSection(SolutionProperties) = preSolution
		HideSolutionNode = FALSE
	EndGlobalSection
	GlobalSection(NestedProjects) = preSolution
		{B8F796DA-CE2B-445F-B118-779E3C8E0D1D} = {02EA681E-C7D8-13C7-8484-4AC65E1B71E8}
		{52C93722-4A53-40DA-A405-1B2EC3B81B18} = {02EA681E-C7D8-13C7-8484-4AC65E1B71E8}
		{8A338D77-AF1F-44D2-85C4-78FEB66DA8CC} = {02EA681E-C7D8-13C7-8484-4AC65E1B71E8}
		{1A4296EF-C494-42B2-932B-24EB746C9C96} = {1BBD9D0E-5048-41C9-9C29-0DEC5F97A134}
		{3FB1F4FE-D33D-4050-A5D0-1F1B94AF77B0} = {1BBD9D0E-5048-41C9-9C29-0DEC5F97A134}
		{1188BDD5-731D-4EF9-A63C-180A22ADD5B3} = {1BBD9D0E-5048-41C9-9C29-0DEC5F97A134}
		{0E5F9ED4-385A-4E14-91EC-170C05F82A82} = {39031104-C979-4934-8EF2-C1A762AE998A}
		{88E2733B-DA37-4975-A27B-788A186276F2} = {39031104-C979-4934-8EF2-C1A762AE998A}
		{2BAEF4E2-49E3-4B09-BDB0-F44541B175B2} = {39031104-C979-4934-8EF2-C1A762AE998A}
		{4CAAA3D5-F6E4-4EF5-BAF6-20DAE4A2FABB} = {6B9C9C08-91D0-441C-A0FF-A49727A99D1A}
		{DF4B7447-8A3D-45C2-992A-B74D95BB41F1} = {6B9C9C08-91D0-441C-A0FF-A49727A99D1A}
		{13341EA4-59AC-4F1D-AD71-F10A7EB85923} = {6B9C9C08-91D0-441C-A0FF-A49727A99D1A}
		{58031042-6815-4E81-8403-5CF5993F8674} = {85AD8FC2-35D3-413C-9535-31C62421EAD1}
		{5141578C-D2E0-4D7E-B4C2-B46D6A7E7379} = {85AD8FC2-35D3-413C-9535-31C62421EAD1}
		{1246C960-5748-403A-9340-73162FF4AA9A} = {85AD8FC2-35D3-413C-9535-31C62421EAD1}
		{0FD707EF-CD35-438B-AFC4-674B4D5ED088} = {DB7E5C28-20BE-4072-B674-24D57CF71DBA}
		{7EFF80CA-79A5-408F-8C71-31DBD7527A66} = {DB7E5C28-20BE-4072-B674-24D57CF71DBA}
		{A54A8A9F-AF97-4DCD-9996-6DB3200ECB3B} = {DB7E5C28-20BE-4072-B674-24D57CF71DBA}
	EndGlobalSection
	GlobalSection(ExtensibilityGlobals) = postSolution
		SolutionGuid = {E9A19EAF-1B44-46E2-AC97-E6F804B5812D}
	EndGlobalSection
EndGlobal
